// !$*UTF8*$!
{
	archiveVersion = 1;
	classes = {
	};
	objectVersion = 55;
	objects = {

/* Begin PBXBuildFile section */
		EEEB083B28DDC00700BEF975 /* main.cpp in Sources */ = {isa = PBXBuildFile; fileRef = EEEB083A28DDC00700BEF975 /* main.cpp */; };
		EEEB084428DDC09100BEF975 /* Book.cpp in Sources */ = {isa = PBXBuildFile; fileRef = EEEB084228DDC09100BEF975 /* Book.cpp */; };
		EEEB084728DDC1E700BEF975 /* LibraryMenu.cpp in Sources */ = {isa = PBXBuildFile; fileRef = EEEB084528DDC1E700BEF975 /* LibraryMenu.cpp */; };
		EEEB084E28DDC3B400BEF975 /* State.cpp in Sources */ = {isa = PBXBuildFile; fileRef = EEEB084D28DDC3B400BEF975 /* State.cpp */; };
		EEEB085128DDC65000BEF975 /* BookLibrary.cpp in Sources */ = {isa = PBXBuildFile; fileRef = EEEB084F28DDC65000BEF975 /* BookLibrary.cpp */; };
		EEEB085728DE0DA000BEF975 /* BusinessController.cpp in Sources */ = {isa = PBXBuildFile; fileRef = EEEB085528DE0DA000BEF975 /* BusinessController.cpp */; };
/* End PBXBuildFile section */

/* Begin PBXCopyFilesBuildPhase section */
		EEEB083528DDC00700BEF975 /* CopyFiles */ = {
			isa = PBXCopyFilesBuildPhase;
			buildActionMask = 2147483647;
			dstPath = /usr/share/man/man1/;
			dstSubfolderSpec = 0;
			files = (
			);
			runOnlyForDeploymentPostprocessing = 1;
		};
/* End PBXCopyFilesBuildPhase section */

/* Begin PBXFileReference section */
		EEEB083728DDC00700BEF975 /* LibraryProjectCpp */ = {isa = PBXFileReference; explicitFileType = "compiled.mach-o.executable"; includeInIndex = 0; path = LibraryProjectCpp; sourceTree = BUILT_PRODUCTS_DIR; };
		EEEB083A28DDC00700BEF975 /* main.cpp */ = {isa = PBXFileReference; lastKnownFileType = sourcecode.cpp.cpp; path = main.cpp; sourceTree = "<group>"; };
		EEEB084228DDC09100BEF975 /* Book.cpp */ = {isa = PBXFileReference; lastKnownFileType = sourcecode.cpp.cpp; path = Book.cpp; sourceTree = "<group>"; };
		EEEB084328DDC09100BEF975 /* Book.hpp */ = {isa = PBXFileReference; lastKnownFileType = sourcecode.cpp.h; path = Book.hpp; sourceTree = "<group>"; };
		EEEB084528DDC1E700BEF975 /* LibraryMenu.cpp */ = {isa = PBXFileReference; lastKnownFileType = sourcecode.cpp.cpp; path = LibraryMenu.cpp; sourceTree = "<group>"; };
		EEEB084628DDC1E700BEF975 /* LibraryMenu.hpp */ = {isa = PBXFileReference; lastKnownFileType = sourcecode.cpp.h; path = LibraryMenu.hpp; sourceTree = "<group>"; };
		EEEB084D28DDC3B400BEF975 /* State.cpp */ = {isa = PBXFileReference; lastKnownFileType = sourcecode.cpp.cpp; path = State.cpp; sourceTree = "<group>"; };
		EEEB084F28DDC65000BEF975 /* BookLibrary.cpp */ = {isa = PBXFileReference; lastKnownFileType = sourcecode.cpp.cpp; path = BookLibrary.cpp; sourceTree = "<group>"; };
		EEEB085028DDC65000BEF975 /* BookLibrary.hpp */ = {isa = PBXFileReference; lastKnownFileType = sourcecode.cpp.h; path = BookLibrary.hpp; sourceTree = "<group>"; };
		EEEB085528DE0DA000BEF975 /* BusinessController.cpp */ = {isa = PBXFileReference; lastKnownFileType = sourcecode.cpp.cpp; path = BusinessController.cpp; sourceTree = "<group>"; };
		EEEB085628DE0DA000BEF975 /* BusinessController.hpp */ = {isa = PBXFileReference; lastKnownFileType = sourcecode.cpp.h; path = BusinessController.hpp; sourceTree = "<group>"; };
/* End PBXFileReference section */

/* Begin PBXFrameworksBuildPhase section */
		EEEB083428DDC00700BEF975 /* Frameworks */ = {
			isa = PBXFrameworksBuildPhase;
			buildActionMask = 2147483647;
			files = (
			);
			runOnlyForDeploymentPostprocessing = 0;
		};
/* End PBXFrameworksBuildPhase section */

/* Begin PBXGroup section */
		EEEB082E28DDC00700BEF975 = {
			isa = PBXGroup;
			children = (
				EEEB083928DDC00700BEF975 /* LibraryProjectCpp */,
				EEEB083828DDC00700BEF975 /* Products */,
			);
			sourceTree = "<group>";
		};
		EEEB083828DDC00700BEF975 /* Products */ = {
			isa = PBXGroup;
			children = (
				EEEB083728DDC00700BEF975 /* LibraryProjectCpp */,
			);
			name = Products;
			sourceTree = "<group>";
		};
		EEEB083928DDC00700BEF975 /* LibraryProjectCpp */ = {
			isa = PBXGroup;
			children = (
				EEEB083A28DDC00700BEF975 /* main.cpp */,
				EEEB084528DDC1E700BEF975 /* LibraryMenu.cpp */,
				EEEB084628DDC1E700BEF975 /* LibraryMenu.hpp */,
				EEEB084228DDC09100BEF975 /* Book.cpp */,
				EEEB084328DDC09100BEF975 /* Book.hpp */,
				EEEB084D28DDC3B400BEF975 /* State.cpp */,
				EEEB084F28DDC65000BEF975 /* BookLibrary.cpp */,
				EEEB085028DDC65000BEF975 /* BookLibrary.hpp */,
				EEEB085528DE0DA000BEF975 /* BusinessController.cpp */,
				EEEB085628DE0DA000BEF975 /* BusinessController.hpp */,
			);
			path = LibraryProjectCpp;
			sourceTree = "<group>";
		};
/* End PBXGroup section */

/* Begin PBXNativeTarget section */
		EEEB083628DDC00700BEF975 /* LibraryProjectCpp */ = {
			isa = PBXNativeTarget;
			buildConfigurationList = EEEB083E28DDC00700BEF975 /* Build configuration list for PBXNativeTarget "LibraryProjectCpp" */;
			buildPhases = (
				EEEB083328DDC00700BEF975 /* Sources */,
				EEEB083428DDC00700BEF975 /* Frameworks */,
				EEEB083528DDC00700BEF975 /* CopyFiles */,
			);
			buildRules = (
			);
			dependencies = (
			);
			name = LibraryProjectCpp;
			productName = LibraryProjectCpp;
			productReference = EEEB083728DDC00700BEF975 /* LibraryProjectCpp */;
			productType = "com.apple.product-type.tool";
		};
/* End PBXNativeTarget section */

/* Begin PBXProject section */
		EEEB082F28DDC00700BEF975 /* Project object */ = {
			isa = PBXProject;
			attributes = {
				BuildIndependentTargetsInParallel = 1;
				LastUpgradeCheck = 1340;
				TargetAttributes = {
					EEEB083628DDC00700BEF975 = {
						CreatedOnToolsVersion = 13.4.1;
					};
				};
			};
			buildConfigurationList = EEEB083228DDC00700BEF975 /* Build configuration list for PBXProject "LibraryProjectCpp" */;
			compatibilityVersion = "Xcode 13.0";
			developmentRegion = en;
			hasScannedForEncodings = 0;
			knownRegions = (
				en,
				Base,
			);
			mainGroup = EEEB082E28DDC00700BEF975;
			productRefGroup = EEEB083828DDC00700BEF975 /* Products */;
			projectDirPath = "";
			projectRoot = "";
			targets = (
				EEEB083628DDC00700BEF975 /* LibraryProjectCpp */,
			);
		};
/* End PBXProject section */

/* Begin PBXSourcesBuildPhase section */
		EEEB083328DDC00700BEF975 /* Sources */ = {
			isa = PBXSourcesBuildPhase;
			buildActionMask = 2147483647;
			files = (
				EEEB084728DDC1E700BEF975 /* LibraryMenu.cpp in Sources */,
				EEEB085128DDC65000BEF975 /* BookLibrary.cpp in Sources */,
				EEEB084E28DDC3B400BEF975 /* State.cpp in Sources */,
				EEEB085728DE0DA000BEF975 /* BusinessController.cpp in Sources */,
				EEEB084428DDC09100BEF975 /* Book.cpp in Sources */,
				EEEB083B28DDC00700BEF975 /* main.cpp in Sources */,
			);
			runOnlyForDeploymentPostprocessing = 0;
		};
/* End PBXSourcesBuildPhase section */

/* Begin XCBuildConfiguration section */
		EEEB083C28DDC00700BEF975 /* Debug */ = {
			isa = XCBuildConfiguration;
			buildSettings = {
				ALWAYS_SEARCH_USER_PATHS = NO;
				CLANG_ANALYZER_NONNULL = YES;
				CLANG_ANALYZER_NUMBER_OBJECT_CONVERSION = YES_AGGRESSIVE;
				CLANG_CXX_LANGUAGE_STANDARD = "gnu++17";
				CLANG_ENABLE_MODULES = YES;
				CLANG_ENABLE_OBJC_ARC = YES;
				CLANG_ENABLE_OBJC_WEAK = YES;
				CLANG_WARN_BLOCK_CAPTURE_AUTORELEASING = YES;
				CLANG_WARN_BOOL_CONVERSION = YES;
				CLANG_WARN_COMMA = YES;
				CLANG_WARN_CONSTANT_CONVERSION = YES;
				CLANG_WARN_DEPRECATED_OBJC_IMPLEMENTATIONS = YES;
				CLANG_WARN_DIRECT_OBJC_ISA_USAGE = YES_ERROR;
				CLANG_WARN_DOCUMENTATION_COMMENTS = YES;
				CLANG_WARN_EMPTY_BODY = YES;
				CLANG_WARN_ENUM_CONVERSION = YES;
				CLANG_WARN_INFINITE_RECURSION = YES;
				CLANG_WARN_INT_CONVERSION = YES;
				CLANG_WARN_NON_LITERAL_NULL_CONVERSION = YES;
				CLANG_WARN_OBJC_IMPLICIT_RETAIN_SELF = YES;
				CLANG_WARN_OBJC_LITERAL_CONVERSION = YES;
				CLANG_WARN_OBJC_ROOT_CLASS = YES_ERROR;
				CLANG_WARN_QUOTED_INCLUDE_IN_FRAMEWORK_HEADER = YES;
				CLANG_WARN_RANGE_LOOP_ANALYSIS = YES;
				CLANG_WARN_STRICT_PROTOTYPES = YES;
				CLANG_WARN_SUSPICIOUS_MOVE = YES;
				CLANG_WARN_UNGUARDED_AVAILABILITY = YES_AGGRESSIVE;
				CLANG_WARN_UNREACHABLE_CODE = YES;
				CLANG_WARN__DUPLICATE_METHOD_MATCH = YES;
				COPY_PHASE_STRIP = NO;
				DEBUG_INFORMATION_FORMAT = dwarf;
				ENABLE_STRICT_OBJC_MSGSEND = YES;
				ENABLE_TESTABILITY = YES;
				GCC_C_LANGUAGE_STANDARD = gnu11;
				GCC_DYNAMIC_NO_PIC = NO;
				GCC_NO_COMMON_BLOCKS = YES;
				GCC_OPTIMIZATION_LEVEL = 0;
				GCC_PREPROCESSOR_DEFINITIONS = (
					"DEBUG=1",
					"$(inherited)",
				);
				GCC_WARN_64_TO_32_BIT_CONVERSION = YES;
				GCC_WARN_ABOUT_RETURN_TYPE = YES_ERROR;
				GCC_WARN_UNDECLARED_SELECTOR = YES;
				GCC_WARN_UNINITIALIZED_AUTOS = YES_AGGRESSIVE;
				GCC_WARN_UNUSED_FUNCTION = YES;
				GCC_WARN_UNUSED_VARIABLE = YES;
				MACOSX_DEPLOYMENT_TARGET = 12.0;
				MTL_ENABLE_DEBUG_INFO = INCLUDE_SOURCE;
				MTL_FAST_MATH = YES;
				ONLY_ACTIVE_ARCH = YES;
				SDKROOT = macosx;
			};
			name = Debug;
		};
		EEEB083D28DDC00700BEF975 /* Release */ = {
			isa = XCBuildConfiguration;
			buildSettings = {
				ALWAYS_SEARCH_USER_PATHS = NO;
				CLANG_ANALYZER_NONNULL = YES;
				CLANG_ANALYZER_NUMBER_OBJECT_CONVERSION = YES_AGGRESSIVE;
				CLANG_CXX_LANGUAGE_STANDARD = "gnu++17";
				CLANG_ENABLE_MODULES = YES;
				CLANG_ENABLE_OBJC_ARC = YES;
				CLANG_ENABLE_OBJC_WEAK = YES;
				CLANG_WARN_BLOCK_CAPTURE_AUTORELEASING = YES;
				CLANG_WARN_BOOL_CONVERSION = YES;
				CLANG_WARN_COMMA = YES;
				CLANG_WARN_CONSTANT_CONVERSION = YES;
				CLANG_WARN_DEPRECATED_OBJC_IMPLEMENTATIONS = YES;
				CLANG_WARN_DIRECT_OBJC_ISA_USAGE = YES_ERROR;
				CLANG_WARN_DOCUMENTATION_COMMENTS = YES;
				CLANG_WARN_EMPTY_BODY = YES;
				CLANG_WARN_ENUM_CONVERSION = YES;
				CLANG_WARN_INFINITE_RECURSION = YES;
				CLANG_WARN_INT_CONVERSION = YES;
				CLANG_WARN_NON_LITERAL_NULL_CONVERSION = YES;
				CLANG_WARN_OBJC_IMPLICIT_RETAIN_SELF = YES;
				CLANG_WARN_OBJC_LITERAL_CONVERSION = YES;
				CLANG_WARN_OBJC_ROOT_CLASS = YES_ERROR;
				CLANG_WARN_QUOTED_INCLUDE_IN_FRAMEWORK_HEADER = YES;
				CLANG_WARN_RANGE_LOOP_ANALYSIS = YES;
				CLANG_WARN_STRICT_PROTOTYPES = YES;
				CLANG_WARN_SUSPICIOUS_MOVE = YES;
				CLANG_WARN_UNGUARDED_AVAILABILITY = YES_AGGRESSIVE;
				CLANG_WARN_UNREACHABLE_CODE = YES;
				CLANG_WARN__DUPLICATE_METHOD_MATCH = YES;
				COPY_PHASE_STRIP = NO;
				DEBUG_INFORMATION_FORMAT = "dwarf-with-dsym";
				ENABLE_NS_ASSERTIONS = NO;
				ENABLE_STRICT_OBJC_MSGSEND = YES;
				GCC_C_LANGUAGE_STANDARD = gnu11;
				GCC_NO_COMMON_BLOCKS = YES;
				GCC_WARN_64_TO_32_BIT_CONVERSION = YES;
				GCC_WARN_ABOUT_RETURN_TYPE = YES_ERROR;
				GCC_WARN_UNDECLARED_SELECTOR = YES;
				GCC_WARN_UNINITIALIZED_AUTOS = YES_AGGRESSIVE;
				GCC_WARN_UNUSED_FUNCTION = YES;
				GCC_WARN_UNUSED_VARIABLE = YES;
				MACOSX_DEPLOYMENT_TARGET = 12.0;
				MTL_ENABLE_DEBUG_INFO = NO;
				MTL_FAST_MATH = YES;
				SDKROOT = macosx;
			};
			name = Release;
		};
		EEEB083F28DDC00700BEF975 /* Debug */ = {
			isa = XCBuildConfiguration;
			buildSettings = {
				CODE_SIGN_STYLE = Automatic;
				DEVELOPMENT_TEAM = Q9MHWQP254;
				ENABLE_HARDENED_RUNTIME = YES;
				PRODUCT_NAME = "$(TARGET_NAME)";
			};
			name = Debug;
		};
		EEEB084028DDC00700BEF975 /* Release */ = {
			isa = XCBuildConfiguration;
			buildSettings = {
				CODE_SIGN_STYLE = Automatic;
				DEVELOPMENT_TEAM = Q9MHWQP254;
				ENABLE_HARDENED_RUNTIME = YES;
				PRODUCT_NAME = "$(TARGET_NAME)";
			};
			name = Release;
		};
/* End XCBuildConfiguration section */

/* Begin XCConfigurationList section */
		EEEB083228DDC00700BEF975 /* Build configuration list for PBXProject "LibraryProjectCpp" */ = {
			isa = XCConfigurationList;
			buildConfigurations = (
				EEEB083C28DDC00700BEF975 /* Debug */,
				EEEB083D28DDC00700BEF975 /* Release */,
			);
			defaultConfigurationIsVisible = 0;
			defaultConfigurationName = Release;
		};
		EEEB083E28DDC00700BEF975 /* Build configuration list for PBXNativeTarget "LibraryProjectCpp" */ = {
			isa = XCConfigurationList;
			buildConfigurations = (
				EEEB083F28DDC00700BEF975 /* Debug */,
				EEEB084028DDC00700BEF975 /* Release */,
			);
			defaultConfigurationIsVisible = 0;
			defaultConfigurationName = Release;
		};
/* End XCConfigurationList section */
	};
	rootObject = EEEB082F28DDC00700BEF975 /* Project object */;
}
